
Microsoft Visual Studio Solution File, Format Version 12.00
# Visual Studio 14
VisualStudioVersion = 14.0.23107.0
MinimumVisualStudioVersion = 10.0.40219.1
Project("{D2ABAB84-BF74-430A-B69E-9DC6D40DDA17}") = "MakingCube", "MakingCube\MakingCube.dwproj", "{96FCA706-6B4D-4522-B9A5-61AF237E3148}"
EndProject
Global
	GlobalSection(SolutionConfigurationPlatforms) = preSolution
		Development|Default = Development|Default
	EndGlobalSection
	GlobalSection(ProjectConfigurationPlatforms) = postSolution
		{96FCA706-6B4D-4522-B9A5-61AF237E3148}.Development|Default.ActiveCfg = Development
		{96FCA706-6B4D-4522-B9A5-61AF237E3148}.Development|Default.Build.0 = Development
		{96FCA706-6B4D-4522-B9A5-61AF237E3148}.Development|Default.Deploy.0 = Development
	EndGlobalSection
	GlobalSection(SolutionProperties) = preSolution
		HideSolutionNode = FALSE
	EndGlobalSection
EndGlobal
